// !$*UTF8*$!
{
	archiveVersion = 1;
	classes = {
	};
	objectVersion = 46;
	objects = {

/* Begin PBXBuildFile section */
		E404C89D136B8E2F00B6C99B /* main.cpp in Sources */ = {isa = PBXBuildFile; fileRef = E404C89C136B8E2F00B6C99B /* main.cpp */; };
		E404C8A6136B901400B6C99B /* KROBJPacker.cpp in Sources */ = {isa = PBXBuildFile; fileRef = E404C8A4136B901400B6C99B /* KROBJPacker.cpp */; };
		E4BBBBA11512A51200F43B5B /* krengine_osx.framework in Frameworks */ = {isa = PBXBuildFile; fileRef = E4BBBBA01512A51200F43B5B /* krengine_osx.framework */; };
/* End PBXBuildFile section */

/* Begin PBXCopyFilesBuildPhase section */
		E404C896136B8E2F00B6C99B /* CopyFiles */ = {
			isa = PBXCopyFilesBuildPhase;
			buildActionMask = 2147483647;
			dstPath = /usr/share/man/man1/;
			dstSubfolderSpec = 0;
			files = (
			);
			runOnlyForDeploymentPostprocessing = 1;
		};
/* End PBXCopyFilesBuildPhase section */

/* Begin PBXFileReference section */
		E404C898136B8E2F00B6C99B /* objpack */ = {isa = PBXFileReference; explicitFileType = "compiled.mach-o.executable"; includeInIndex = 0; path = objpack; sourceTree = BUILT_PRODUCTS_DIR; };
		E404C89C136B8E2F00B6C99B /* main.cpp */ = {isa = PBXFileReference; lastKnownFileType = sourcecode.cpp.cpp; lineEnding = 0; path = main.cpp; sourceTree = "<group>"; xcLanguageSpecificationIdentifier = xcode.lang.cpp; };
		E404C89E136B8E2F00B6C99B /* objpack.1 */ = {isa = PBXFileReference; lastKnownFileType = text.man; path = objpack.1; sourceTree = "<group>"; };
		E404C8A4136B901400B6C99B /* KROBJPacker.cpp */ = {isa = PBXFileReference; fileEncoding = 4; lastKnownFileType = sourcecode.cpp.cpp; lineEnding = 0; path = KROBJPacker.cpp; sourceTree = "<group>"; xcLanguageSpecificationIdentifier = xcode.lang.cpp; };
		E404C8A5136B901400B6C99B /* KROBJPacker.h */ = {isa = PBXFileReference; fileEncoding = 4; lastKnownFileType = sourcecode.c.h; lineEnding = 0; path = KROBJPacker.h; sourceTree = "<group>"; xcLanguageSpecificationIdentifier = xcode.lang.objcpp; };
		E4BBBBA01512A51200F43B5B /* krengine_osx.framework */ = {isa = PBXFileReference; lastKnownFileType = wrapper.framework; name = krengine_osx.framework; path = ../KREngine/build/Release/krengine_osx.framework; sourceTree = "<group>"; };
/* End PBXFileReference section */

/* Begin PBXFrameworksBuildPhase section */
		E404C895136B8E2F00B6C99B /* Frameworks */ = {
			isa = PBXFrameworksBuildPhase;
			buildActionMask = 2147483647;
			files = (
				E4BBBBA11512A51200F43B5B /* krengine_osx.framework in Frameworks */,
			);
			runOnlyForDeploymentPostprocessing = 0;
		};
/* End PBXFrameworksBuildPhase section */

/* Begin PBXGroup section */
		E404C88D136B8E2F00B6C99B = {
			isa = PBXGroup;
			children = (
				E404C89B136B8E2F00B6C99B /* objpack */,
				E4BBBBA51512A59E00F43B5B /* Frameworks */,
				E404C899136B8E2F00B6C99B /* Products */,
			);
			sourceTree = "<group>";
		};
		E404C899136B8E2F00B6C99B /* Products */ = {
			isa = PBXGroup;
			children = (
				E404C898136B8E2F00B6C99B /* objpack */,
			);
			name = Products;
			sourceTree = "<group>";
		};
		E404C89B136B8E2F00B6C99B /* objpack */ = {
			isa = PBXGroup;
			children = (
				E404C89C136B8E2F00B6C99B /* main.cpp */,
				E404C89E136B8E2F00B6C99B /* objpack.1 */,
				E404C8A4136B901400B6C99B /* KROBJPacker.cpp */,
				E404C8A5136B901400B6C99B /* KROBJPacker.h */,
			);
			path = objpack;
			sourceTree = "<group>";
		};
		E4BBBBA51512A59E00F43B5B /* Frameworks */ = {
			isa = PBXGroup;
			children = (
				E4BBBBA01512A51200F43B5B /* krengine_osx.framework */,
			);
			name = Frameworks;
			sourceTree = "<group>";
		};
/* End PBXGroup section */

/* Begin PBXNativeTarget section */
		E404C897136B8E2F00B6C99B /* objpack */ = {
			isa = PBXNativeTarget;
			buildConfigurationList = E404C8A1136B8E3000B6C99B /* Build configuration list for PBXNativeTarget "objpack" */;
			buildPhases = (
				E404C894136B8E2F00B6C99B /* Sources */,
				E404C895136B8E2F00B6C99B /* Frameworks */,
				E404C896136B8E2F00B6C99B /* CopyFiles */,
			);
			buildRules = (
			);
			dependencies = (
			);
			name = objpack;
			productName = objpack;
			productReference = E404C898136B8E2F00B6C99B /* objpack */;
			productType = "com.apple.product-type.tool";
		};
/* End PBXNativeTarget section */

/* Begin PBXProject section */
		E404C88F136B8E2F00B6C99B /* Project object */ = {
			isa = PBXProject;
			attributes = {
				LastUpgradeCheck = 0440;
				ORGANIZATIONNAME = "Kearwood Software";
			};
			buildConfigurationList = E404C892136B8E2F00B6C99B /* Build configuration list for PBXProject "objpack" */;
			compatibilityVersion = "Xcode 3.2";
			developmentRegion = English;
			hasScannedForEncodings = 0;
			knownRegions = (
				en,
			);
			mainGroup = E404C88D136B8E2F00B6C99B;
			productRefGroup = E404C899136B8E2F00B6C99B /* Products */;
			projectDirPath = "";
			projectRoot = "";
			targets = (
				E404C897136B8E2F00B6C99B /* objpack */,
			);
		};
/* End PBXProject section */

/* Begin PBXSourcesBuildPhase section */
		E404C894136B8E2F00B6C99B /* Sources */ = {
			isa = PBXSourcesBuildPhase;
			buildActionMask = 2147483647;
			files = (
				E404C89D136B8E2F00B6C99B /* main.cpp in Sources */,
				E404C8A6136B901400B6C99B /* KROBJPacker.cpp in Sources */,
			);
			runOnlyForDeploymentPostprocessing = 0;
		};
/* End PBXSourcesBuildPhase section */

/* Begin XCBuildConfiguration section */
		E404C89F136B8E3000B6C99B /* Debug */ = {
			isa = XCBuildConfiguration;
			buildSettings = {
				ARCHS = "$(ARCHS_STANDARD_32_64_BIT)";
				GCC_C_LANGUAGE_STANDARD = gnu99;
				GCC_OPTIMIZATION_LEVEL = 0;
				GCC_PREPROCESSOR_DEFINITIONS = DEBUG;
				GCC_SYMBOLS_PRIVATE_EXTERN = NO;
				GCC_VERSION = com.apple.compilers.llvm.clang.1_0;
				GCC_WARN_64_TO_32_BIT_CONVERSION = YES;
				GCC_WARN_ABOUT_RETURN_TYPE = YES;
				GCC_WARN_UNUSED_VARIABLE = YES;
				HEADER_SEARCH_PATHS = "";
				MACOSX_DEPLOYMENT_TARGET = 10.6;
				ONLY_ACTIVE_ARCH = YES;
				SDKROOT = macosx;
			};
			name = Debug;
		};
		E404C8A0136B8E3000B6C99B /* Release */ = {
			isa = XCBuildConfiguration;
			buildSettings = {
				ARCHS = "$(ARCHS_STANDARD_32_64_BIT)";
				GCC_C_LANGUAGE_STANDARD = gnu99;
				GCC_VERSION = com.apple.compilers.llvm.clang.1_0;
				GCC_WARN_64_TO_32_BIT_CONVERSION = YES;
				GCC_WARN_ABOUT_RETURN_TYPE = YES;
				GCC_WARN_UNUSED_VARIABLE = YES;
				HEADER_SEARCH_PATHS = "";
				MACOSX_DEPLOYMENT_TARGET = 10.6;
				SDKROOT = macosx;
			};
			name = Release;
		};
		E404C8A2136B8E3000B6C99B /* Debug */ = {
			isa = XCBuildConfiguration;
			buildSettings = {
				ALWAYS_SEARCH_USER_PATHS = NO;
				COPY_PHASE_STRIP = NO;
				GCC_DYNAMIC_NO_PIC = NO;
				GCC_ENABLE_OBJC_EXCEPTIONS = YES;
				LIBRARY_SEARCH_PATHS = (
					"$(inherited)",
					"\"$(SYSTEM_APPS_DIR)/Autodesk/FBXSDK20122/lib/gcc4/ub\"",
					"\"$(SYSTEM_APPS_DIR)/PVR SDK Package/Utilities/PVRTexLib/MacOS\"",
				);
				PRODUCT_NAME = "$(TARGET_NAME)";
			};
			name = Debug;
		};
		E404C8A3136B8E3000B6C99B /* Release */ = {
			isa = XCBuildConfiguration;
			buildSettings = {
				ALWAYS_SEARCH_USER_PATHS = NO;
				COPY_PHASE_STRIP = YES;
				DEBUG_INFORMATION_FORMAT = "dwarf-with-dsym";
				GCC_ENABLE_OBJC_EXCEPTIONS = YES;
				LIBRARY_SEARCH_PATHS = (
					"$(inherited)",
					"\"$(SYSTEM_APPS_DIR)/Autodesk/FBXSDK20122/lib/gcc4/ub\"",
					"\"$(SYSTEM_APPS_DIR)/PVR SDK Package/Utilities/PVRTexLib/MacOS\"",
				);
				PRODUCT_NAME = "$(TARGET_NAME)";
			};
			name = Release;
		};
/* End XCBuildConfiguration section */

/* Begin XCConfigurationList section */
		E404C892136B8E2F00B6C99B /* Build configuration list for PBXProject "objpack" */ = {
			isa = XCConfigurationList;
			buildConfigurations = (
				E404C89F136B8E3000B6C99B /* Debug */,
				E404C8A0136B8E3000B6C99B /* Release */,
			);
			defaultConfigurationIsVisible = 0;
			defaultConfigurationName = Release;
		};
		E404C8A1136B8E3000B6C99B /* Build configuration list for PBXNativeTarget "objpack" */ = {
			isa = XCConfigurationList;
			buildConfigurations = (
				E404C8A2136B8E3000B6C99B /* Debug */,
				E404C8A3136B8E3000B6C99B /* Release */,
			);
			defaultConfigurationIsVisible = 0;
			defaultConfigurationName = Release;
		};
/* End XCConfigurationList section */
	};
	rootObject = E404C88F136B8E2F00B6C99B /* Project object */;
}
