<?xml version="1.0" encoding="utf-8"?>
<Project ToolsVersion="4.0" xmlns="http://schemas.microsoft.com/developer/msbuild/2003">
  <ItemGroup>
    <Filter Include="Source Files">
      <UniqueIdentifier>{4FC737F1-C7A5-4376-A066-2A32D752A2FF}</UniqueIdentifier>
      <Extensions>cpp;c;cc;cxx;def;odl;idl;hpj;bat;asm;asmx</Extensions>
    </Filter>
    <Filter Include="Header Files">
      <UniqueIdentifier>{93995380-89BD-4b04-88EB-625FBE52EBFB}</UniqueIdentifier>
      <Extensions>h;hh;hpp;hxx;hm;inl;inc;xsd</Extensions>
    </Filter>
    <Filter Include="Resource Files">
      <UniqueIdentifier>{67DA6AB6-F800-4c08-8B7A-83BB121AAD01}</UniqueIdentifier>
      <Extensions>rc;ico;cur;bmp;dlg;rc2;rct;bin;rgs;gif;jpg;jpeg;jpe;resx;tiff;tif;png;wav</Extensions>
    </Filter>
    <Filter Include="Header Files\3rdparty">
      <UniqueIdentifier>{1ccb2d2f-3dba-4fa4-a77f-5aef119ca916}</UniqueIdentifier>
    </Filter>
    <Filter Include="Header Files\3rdparty\forsyth.h">
      <UniqueIdentifier>{b1389da0-01b5-4d0b-bb62-bf912979a845}</UniqueIdentifier>
    </Filter>
    <Filter Include="Header Files\public">
      <UniqueIdentifier>{4ebfb66f-4752-486a-bfcf-8b438e8ad64b}</UniqueIdentifier>
    </Filter>
  </ItemGroup>
  <ItemGroup>
    <ClCompile Include="..\3rdparty\tinyxml2\tinyxml2.cpp">
      <Filter>Source Files</Filter>
    </ClCompile>
    <ClCompile Include="..\3rdparty\forsyth\forsyth.cpp">
      <Filter>Source Files</Filter>
    </ClCompile>
    <ClCompile Include="..\kraken\KRFloat.cpp">
      <Filter>Source Files</Filter>
    </ClCompile>
    <ClCompile Include="..\kraken\KRTriangle3.cpp">
      <Filter>Source Files</Filter>
    </ClCompile>
    <ClCompile Include="..\kraken\KRAABB.cpp">
      <Filter>Source Files</Filter>
    </ClCompile>
    <ClCompile Include="..\kraken\KRViewport.cpp">
      <Filter>Source Files</Filter>
    </ClCompile>
    <ClCompile Include="..\kraken\KRQuaternion.cpp">
      <Filter>Source Files</Filter>
    </ClCompile>
    <ClCompile Include="..\kraken\KRDataBlock.cpp">
      <Filter>Source Files</Filter>
    </ClCompile>
    <ClCompile Include="..\kraken\KRNode.cpp">
      <Filter>Source Files</Filter>
    </ClCompile>
    <ClCompile Include="..\kraken\KRAmbientZone.cpp">
      <Filter>Source Files</Filter>
    </ClCompile>
    <ClCompile Include="..\kraken\KRAnimation.cpp">
      <Filter>Source Files</Filter>
    </ClCompile>
    <ClCompile Include="..\kraken\KRAnimationAttribute.cpp">
      <Filter>Source Files</Filter>
    </ClCompile>
    <ClCompile Include="..\kraken\KRAnimationCurve.cpp">
      <Filter>Source Files</Filter>
    </ClCompile>
    <ClCompile Include="..\kraken\KRAnimationCurveManager.cpp">
      <Filter>Source Files</Filter>
    </ClCompile>
    <ClCompile Include="..\kraken\KRAnimationLayer.cpp">
      <Filter>Source Files</Filter>
    </ClCompile>
    <ClCompile Include="..\kraken\KRAnimationManager.cpp">
      <Filter>Source Files</Filter>
    </ClCompile>
    <ClCompile Include="..\kraken\KRAudioBuffer.cpp">
      <Filter>Source Files</Filter>
    </ClCompile>
    <ClCompile Include="..\kraken\KRAudioManager.cpp">
      <Filter>Source Files</Filter>
    </ClCompile>
    <ClCompile Include="..\kraken\KRAudioSample.cpp">
      <Filter>Source Files</Filter>
    </ClCompile>
    <ClCompile Include="..\kraken\KRAudioSource.cpp">
      <Filter>Source Files</Filter>
    </ClCompile>
    <ClCompile Include="..\kraken\KRBehavior.cpp">
      <Filter>Source Files</Filter>
    </ClCompile>
    <ClCompile Include="..\kraken\KRBone.cpp">
      <Filter>Source Files</Filter>
    </ClCompile>
    <ClCompile Include="..\kraken\KRBundle.cpp">
      <Filter>Source Files</Filter>
    </ClCompile>
    <ClCompile Include="..\kraken\KRBundleManager.cpp">
      <Filter>Source Files</Filter>
    </ClCompile>
    <ClCompile Include="..\kraken\KRCamera.cpp">
      <Filter>Source Files</Filter>
    </ClCompile>
    <ClCompile Include="..\kraken\KRCollider.cpp">
      <Filter>Source Files</Filter>
    </ClCompile>
    <ClCompile Include="..\kraken\KRContext.cpp">
      <Filter>Source Files</Filter>
    </ClCompile>
    <ClCompile Include="..\kraken\KRContextObject.cpp">
      <Filter>Source Files</Filter>
    </ClCompile>
    <ClCompile Include="..\kraken\KRDirectionalLight.cpp">
      <Filter>Source Files</Filter>
    </ClCompile>
    <ClCompile Include="..\kraken\KRHitInfo.cpp">
      <Filter>Source Files</Filter>
    </ClCompile>
    <ClCompile Include="..\kraken\KRLight.cpp">
      <Filter>Source Files</Filter>
    </ClCompile>
    <ClCompile Include="..\kraken\KRLocator.cpp">
      <Filter>Source Files</Filter>
    </ClCompile>
    <ClCompile Include="..\kraken\KRLODGroup.cpp">
      <Filter>Source Files</Filter>
    </ClCompile>
    <ClCompile Include="..\kraken\KRLODSet.cpp">
      <Filter>Source Files</Filter>
    </ClCompile>
    <ClCompile Include="..\kraken\KRMaterial.cpp">
      <Filter>Source Files</Filter>
    </ClCompile>
    <ClCompile Include="..\kraken\KRMaterialManager.cpp">
      <Filter>Source Files</Filter>
    </ClCompile>
    <ClCompile Include="..\kraken\KRMesh.cpp">
      <Filter>Source Files</Filter>
    </ClCompile>
    <ClCompile Include="..\kraken\KRMeshCube.cpp">
      <Filter>Source Files</Filter>
    </ClCompile>
    <ClCompile Include="..\kraken\KRMeshManager.cpp">
      <Filter>Source Files</Filter>
    </ClCompile>
    <ClCompile Include="..\kraken\KRMeshQuad.cpp">
      <Filter>Source Files</Filter>
    </ClCompile>
    <ClCompile Include="..\kraken\KRMeshSphere.cpp">
      <Filter>Source Files</Filter>
    </ClCompile>
    <ClCompile Include="..\kraken\KRModel.cpp">
      <Filter>Source Files</Filter>
    </ClCompile>
    <ClCompile Include="..\kraken\KROctree.cpp">
      <Filter>Source Files</Filter>
    </ClCompile>
    <ClCompile Include="..\kraken\KROctreeNode.cpp">
      <Filter>Source Files</Filter>
    </ClCompile>
    <ClCompile Include="..\kraken\KRParticleSystem.cpp">
      <Filter>Source Files</Filter>
    </ClCompile>
    <ClCompile Include="..\kraken\KRParticleSystemNewtonian.cpp">
      <Filter>Source Files</Filter>
    </ClCompile>
    <ClCompile Include="..\kraken\KRPointLight.cpp">
      <Filter>Source Files</Filter>
    </ClCompile>
    <ClCompile Include="..\kraken\KRRenderSettings.cpp">
      <Filter>Source Files</Filter>
    </ClCompile>
    <ClCompile Include="..\kraken\KRResource.cpp">
      <Filter>Source Files</Filter>
    </ClCompile>
    <ClCompile Include="..\kraken\KRResource+blend.cpp">
      <Filter>Source Files</Filter>
    </ClCompile>
    <ClCompile Include="..\kraken\KRResource+fbx.cpp">
      <Filter>Source Files</Filter>
    </ClCompile>
    <ClCompile Include="..\kraken\KRResource+obj.cpp">
      <Filter>Source Files</Filter>
    </ClCompile>
    <ClCompile Include="..\kraken\KRReverbZone.cpp">
      <Filter>Source Files</Filter>
    </ClCompile>
    <ClCompile Include="..\kraken\KRScene.cpp">
      <Filter>Source Files</Filter>
    </ClCompile>
    <ClCompile Include="..\kraken\KRSceneManager.cpp">
      <Filter>Source Files</Filter>
    </ClCompile>
    <ClCompile Include="..\kraken\KRShader.cpp">
      <Filter>Source Files</Filter>
    </ClCompile>
    <ClCompile Include="..\kraken\KRShaderManager.cpp">
      <Filter>Source Files</Filter>
    </ClCompile>
    <ClCompile Include="..\kraken\KRSpotLight.cpp">
      <Filter>Source Files</Filter>
    </ClCompile>
    <ClCompile Include="..\kraken\KRSprite.cpp">
      <Filter>Source Files</Filter>
    </ClCompile>
    <ClCompile Include="..\kraken\KRTexture.cpp">
      <Filter>Source Files</Filter>
    </ClCompile>
    <ClCompile Include="..\kraken\KRTexture2D.cpp">
      <Filter>Source Files</Filter>
    </ClCompile>
    <ClCompile Include="..\kraken\KRTextureAnimated.cpp">
      <Filter>Source Files</Filter>
    </ClCompile>
    <ClCompile Include="..\kraken\KRTextureCube.cpp">
      <Filter>Source Files</Filter>
    </ClCompile>
    <ClCompile Include="..\kraken\KRTextureKTX.cpp">
      <Filter>Source Files</Filter>
    </ClCompile>
    <ClCompile Include="..\kraken\KRTextureManager.cpp">
      <Filter>Source Files</Filter>
    </ClCompile>
    <ClCompile Include="..\kraken\KRTexturePVR.cpp">
      <Filter>Source Files</Filter>
    </ClCompile>
    <ClCompile Include="..\kraken\KRTextureTGA.cpp">
      <Filter>Source Files</Filter>
    </ClCompile>
    <ClCompile Include="..\kraken\KRUnknown.cpp">
      <Filter>Source Files</Filter>
    </ClCompile>
    <ClCompile Include="..\kraken\KRUnknownManager.cpp">
      <Filter>Source Files</Filter>
    </ClCompile>
    <ClCompile Include="..\kraken\KRDSP_slow.cpp">
      <Filter>Source Files</Filter>
    </ClCompile>
    <ClCompile Include="..\kraken\KRDSP_vDSP.cpp">
      <Filter>Source Files</Filter>
    </ClCompile>
    <ClCompile Include="..\kraken\KRHelpers.cpp">
      <Filter>Header Files</Filter>
    </ClCompile>
    <ClCompile Include="..\kraken\vector2.cpp">
      <Filter>Source Files</Filter>
    </ClCompile>
    <ClCompile Include="..\kraken\vector3.cpp">
      <Filter>Source Files</Filter>
    </ClCompile>
    <ClCompile Include="..\kraken\vector4.cpp">
      <Filter>Source Files</Filter>
    </ClCompile>
    <ClCompile Include="..\kraken\matrix4.cpp">
      <Filter>Source Files</Filter>
    </ClCompile>
  </ItemGroup>
  <ItemGroup>
    <ClInclude Include="..\3rdparty\tinyxml2\tinyxml2.h">
      <Filter>Header Files</Filter>
    </ClInclude>
    <ClInclude Include="..\kraken\KREngine-common.h">
      <Filter>Header Files</Filter>
    </ClInclude>
    <ClInclude Include="..\kraken\KRViewport.h">
      <Filter>Header Files</Filter>
    </ClInclude>
    <ClInclude Include="..\kraken\KRDataBlock.h">
      <Filter>Header Files</Filter>
    </ClInclude>
    <ClInclude Include="..\kraken\KRNode.h">
      <Filter>Header Files</Filter>
    </ClInclude>
    <ClInclude Include="..\kraken\kraken.h">
      <Filter>Header Files</Filter>
    </ClInclude>
    <ClInclude Include="..\kraken\KRAmbientZone.h">
      <Filter>Header Files</Filter>
    </ClInclude>
    <ClInclude Include="..\kraken\KRAnimation.h">
      <Filter>Header Files</Filter>
    </ClInclude>
    <ClInclude Include="..\kraken\KRAnimationAttribute.h">
      <Filter>Header Files</Filter>
    </ClInclude>
    <ClInclude Include="..\kraken\KRAnimationCurve.h">
      <Filter>Header Files</Filter>
    </ClInclude>
    <ClInclude Include="..\kraken\KRAnimationCurveManager.h">
      <Filter>Header Files</Filter>
    </ClInclude>
    <ClInclude Include="..\kraken\KRAnimationLayer.h">
      <Filter>Header Files</Filter>
    </ClInclude>
    <ClInclude Include="..\kraken\KRAnimationManager.h">
      <Filter>Header Files</Filter>
    </ClInclude>
    <ClInclude Include="..\kraken\KRAudioBuffer.h">
      <Filter>Header Files</Filter>
    </ClInclude>
    <ClInclude Include="..\kraken\KRAudioManager.h">
      <Filter>Header Files</Filter>
    </ClInclude>
    <ClInclude Include="..\kraken\KRAudioSample.h">
      <Filter>Header Files</Filter>
    </ClInclude>
    <ClInclude Include="..\kraken\KRAudioSource.h">
      <Filter>Header Files</Filter>
    </ClInclude>
    <ClInclude Include="..\kraken\KRBehavior.h">
      <Filter>Header Files</Filter>
    </ClInclude>
    <ClInclude Include="..\kraken\KRBone.h">
      <Filter>Header Files</Filter>
    </ClInclude>
    <ClInclude Include="..\kraken\KRBundle.h">
      <Filter>Header Files</Filter>
    </ClInclude>
    <ClInclude Include="..\kraken\KRBundleManager.h">
      <Filter>Header Files</Filter>
    </ClInclude>
    <ClInclude Include="..\kraken\KRCamera.h">
      <Filter>Header Files</Filter>
    </ClInclude>
    <ClInclude Include="..\kraken\KRCollider.h">
      <Filter>Header Files</Filter>
    </ClInclude>
    <ClInclude Include="..\kraken\KRContext.h">
      <Filter>Header Files</Filter>
    </ClInclude>
    <ClInclude Include="..\kraken\KRContextObject.h">
      <Filter>Header Files</Filter>
    </ClInclude>
    <ClInclude Include="..\kraken\KRDirectionalLight.h">
      <Filter>Header Files</Filter>
    </ClInclude>
    <ClInclude Include="..\kraken\KREngine.h">
      <Filter>Header Files</Filter>
    </ClInclude>
    <ClInclude Include="..\kraken\KRHitInfo.h">
      <Filter>Header Files</Filter>
    </ClInclude>
    <ClInclude Include="..\kraken\KRLight.h">
      <Filter>Header Files</Filter>
    </ClInclude>
    <ClInclude Include="..\kraken\KRLocator.h">
      <Filter>Header Files</Filter>
    </ClInclude>
    <ClInclude Include="..\kraken\KRLODGroup.h">
      <Filter>Header Files</Filter>
    </ClInclude>
    <ClInclude Include="..\kraken\KRLODSet.h">
      <Filter>Header Files</Filter>
    </ClInclude>
    <ClInclude Include="..\kraken\KRMaterial.h">
      <Filter>Header Files</Filter>
    </ClInclude>
    <ClInclude Include="..\kraken\KRMaterialManager.h">
      <Filter>Header Files</Filter>
    </ClInclude>
    <ClInclude Include="..\kraken\KRMesh.h">
      <Filter>Header Files</Filter>
    </ClInclude>
    <ClInclude Include="..\kraken\KRMeshCube.h">
      <Filter>Header Files</Filter>
    </ClInclude>
    <ClInclude Include="..\kraken\KRMeshManager.h">
      <Filter>Header Files</Filter>
    </ClInclude>
    <ClInclude Include="..\kraken\KRMeshQuad.h">
      <Filter>Header Files</Filter>
    </ClInclude>
    <ClInclude Include="..\kraken\KRMeshSphere.h">
      <Filter>Header Files</Filter>
    </ClInclude>
    <ClInclude Include="..\kraken\KRModel.h">
      <Filter>Header Files</Filter>
    </ClInclude>
    <ClInclude Include="..\kraken\KROctree.h">
      <Filter>Header Files</Filter>
    </ClInclude>
    <ClInclude Include="..\kraken\KROctreeNode.h">
      <Filter>Header Files</Filter>
    </ClInclude>
    <ClInclude Include="..\kraken\KRParticleSystem.h">
      <Filter>Header Files</Filter>
    </ClInclude>
    <ClInclude Include="..\kraken\KRParticleSystemNewtonian.h">
      <Filter>Header Files</Filter>
    </ClInclude>
    <ClInclude Include="..\kraken\KRPointLight.h">
      <Filter>Header Files</Filter>
    </ClInclude>
    <ClInclude Include="..\kraken\KRRenderSettings.h">
      <Filter>Header Files</Filter>
    </ClInclude>
    <ClInclude Include="..\kraken\KRResource.h">
      <Filter>Header Files</Filter>
    </ClInclude>
    <ClInclude Include="..\kraken\KRResource+blend.h">
      <Filter>Header Files</Filter>
    </ClInclude>
    <ClInclude Include="..\kraken\KRReverbZone.h">
      <Filter>Header Files</Filter>
    </ClInclude>
    <ClInclude Include="..\kraken\KRScene.h">
      <Filter>Header Files</Filter>
    </ClInclude>
    <ClInclude Include="..\kraken\KRSceneManager.h">
      <Filter>Header Files</Filter>
    </ClInclude>
    <ClInclude Include="..\kraken\KRShader.h">
      <Filter>Header Files</Filter>
    </ClInclude>
    <ClInclude Include="..\kraken\KRShaderManager.h">
      <Filter>Header Files</Filter>
    </ClInclude>
    <ClInclude Include="..\kraken\KRSpotLight.h">
      <Filter>Header Files</Filter>
    </ClInclude>
    <ClInclude Include="..\kraken\KRSprite.h">
      <Filter>Header Files</Filter>
    </ClInclude>
    <ClInclude Include="..\kraken\KRStockGeometry.h">
      <Filter>Header Files</Filter>
    </ClInclude>
    <ClInclude Include="..\kraken\KRStreamer.h">
      <Filter>Header Files</Filter>
    </ClInclude>
    <ClInclude Include="..\kraken\KRTexture.h">
      <Filter>Header Files</Filter>
    </ClInclude>
    <ClInclude Include="..\kraken\KRTexture2D.h">
      <Filter>Header Files</Filter>
    </ClInclude>
    <ClInclude Include="..\kraken\KRTextureAnimated.h">
      <Filter>Header Files</Filter>
    </ClInclude>
    <ClInclude Include="..\kraken\KRTextureCube.h">
      <Filter>Header Files</Filter>
    </ClInclude>
    <ClInclude Include="..\kraken\KRTextureKTX.h">
      <Filter>Header Files</Filter>
    </ClInclude>
    <ClInclude Include="..\kraken\KRTextureManager.h">
      <Filter>Header Files</Filter>
    </ClInclude>
    <ClInclude Include="..\kraken\KRTexturePVR.h">
      <Filter>Header Files</Filter>
    </ClInclude>
    <ClInclude Include="..\kraken\KRTextureTGA.h">
      <Filter>Header Files</Filter>
    </ClInclude>
    <ClInclude Include="..\kraken\KRUnknown.h">
      <Filter>Header Files</Filter>
    </ClInclude>
    <ClInclude Include="..\kraken\KRUnknownManager.h">
      <Filter>Header Files</Filter>
    </ClInclude>
    <ClInclude Include="3rdparty\glew\glew-1.13.0\include\GL\glew.h">
      <Filter>Header Files</Filter>
    </ClInclude>
    <ClInclude Include="3rdparty\glew\glew-1.13.0\include\GL\glxew.h">
      <Filter>Header Files</Filter>
    </ClInclude>
    <ClInclude Include="3rdparty\glew\glew-1.13.0\include\GL\wglew.h">
      <Filter>Header Files</Filter>
    </ClInclude>
    <ClInclude Include="..\3rdparty\forsyth\forsyth.h">
      <Filter>Header Files\3rdparty\forsyth.h</Filter>
    </ClInclude>
    <ClInclude Include="..\kraken\KRDSP.h">
      <Filter>Header Files</Filter>
    </ClInclude>
    <ClInclude Include="..\kraken\KRHelpers.h">
      <Filter>Header Files</Filter>
    </ClInclude>
    <ClInclude Include="..\kraken\public\kraken.h">
      <Filter>Header Files\public</Filter>
    </ClInclude>
    <ClInclude Include="..\kraken\public\KRAABB.h">
      <Filter>Header Files\public</Filter>
    </ClInclude>
    <ClInclude Include="..\kraken\public\KRTriangle3.h">
      <Filter>Header Files\public</Filter>
    </ClInclude>
    <ClInclude Include="..\kraken\public\KRQuaternion.h">
      <Filter>Header Files\public</Filter>
    </ClInclude>
    <ClInclude Include="..\kraken\public\vector2.h">
      <Filter>Header Files\public</Filter>
    </ClInclude>
    <ClInclude Include="..\kraken\public\vector3.h">
      <Filter>Header Files\public</Filter>
    </ClInclude>
    <ClInclude Include="..\kraken\public\vector4.h">
      <Filter>Header Files\public</Filter>
    </ClInclude>
    <ClInclude Include="..\kraken\public\scalar.h">
      <Filter>Header Files\public</Filter>
    </ClInclude>
    <ClInclude Include="..\kraken\public\matrix4.h">
      <Filter>Header Files\public</Filter>
    </ClInclude>
  </ItemGroup>
</Project>